
Microsoft Visual Studio Solution File, Format Version 12.00
# Visual Studio Version 17
VisualStudioVersion = 17.8.34408.163
MinimumVisualStudioVersion = 10.0.40219.1
Project("{FAE04EC0-301F-11D3-BF4B-00C04F79EFBC}") = "ADIN.WPF", "ADIN.WPF\ADIN.WPF.csproj", "{5B1CC075-2594-4992-84D7-D963E195CB47}"
EndProject
Project("{FAE04EC0-301F-11D3-BF4B-00C04F79EFBC}") = "FTDIChip.Driver", "FTDIChip.Driver\FTDIChip.Driver.csproj", "{38262539-68B6-4EFB-B718-04BFB86730C1}"
EndProject
Project("{FAE04EC0-301F-11D3-BF4B-00C04F79EFBC}") = "ADIN.Device", "ADIN.Device\ADIN.Device.csproj", "{706B8375-E968-4223-AD1B-FD3EF8BEE42F}"
EndProject
Project("{FAE04EC0-301F-11D3-BF4B-00C04F79EFBC}") = "ADI.Register", "ADI.Register\ADI.Register.csproj", "{3AB9F7BC-10AE-4A8F-95DE-BD2620798B8C}"
EndProject
Project("{FAE04EC0-301F-11D3-BF4B-00C04F79EFBC}") = "Helper", "Helper\Helper.csproj", "{48DB4E06-8757-4A3B-A58F-DF7C981AAC04}"
EndProject
Project("{FAE04EC0-301F-11D3-BF4B-00C04F79EFBC}") = "ADI.ADIN.Test", "ADI.ADIN.Test\ADI.ADIN.Test.csproj", "{64E83D8F-C3FA-473B-8DDC-83A414276BBD}"
EndProject
Global
	GlobalSection(SolutionConfigurationPlatforms) = preSolution
		Debug|Any CPU = Debug|Any CPU
		Release_T1L|Any CPU = Release_T1L|Any CPU
		Release_TSN|Any CPU = Release_TSN|Any CPU
		Release|Any CPU = Release|Any CPU
	EndGlobalSection
	GlobalSection(ProjectConfigurationPlatforms) = postSolution
		{5B1CC075-2594-4992-84D7-D963E195CB47}.Debug|Any CPU.ActiveCfg = Debug|Any CPU
		{5B1CC075-2594-4992-84D7-D963E195CB47}.Debug|Any CPU.Build.0 = Debug|Any CPU
		{5B1CC075-2594-4992-84D7-D963E195CB47}.Release_T1L|Any CPU.ActiveCfg = Release_T1L|Any CPU
		{5B1CC075-2594-4992-84D7-D963E195CB47}.Release_T1L|Any CPU.Build.0 = Release_T1L|Any CPU
		{5B1CC075-2594-4992-84D7-D963E195CB47}.Release_TSN|Any CPU.ActiveCfg = Release_TSN|Any CPU
		{5B1CC075-2594-4992-84D7-D963E195CB47}.Release_TSN|Any CPU.Build.0 = Release_TSN|Any CPU
		{5B1CC075-2594-4992-84D7-D963E195CB47}.Release|Any CPU.ActiveCfg = Release|Any CPU
		{5B1CC075-2594-4992-84D7-D963E195CB47}.Release|Any CPU.Build.0 = Release|Any CPU
		{38262539-68B6-4EFB-B718-04BFB86730C1}.Debug|Any CPU.ActiveCfg = Debug|Any CPU
		{38262539-68B6-4EFB-B718-04BFB86730C1}.Debug|Any CPU.Build.0 = Debug|Any CPU
		{38262539-68B6-4EFB-B718-04BFB86730C1}.Release_T1L|Any CPU.ActiveCfg = Release_T1L|Any CPU
		{38262539-68B6-4EFB-B718-04BFB86730C1}.Release_T1L|Any CPU.Build.0 = Release_T1L|Any CPU
		{38262539-68B6-4EFB-B718-04BFB86730C1}.Release_TSN|Any CPU.ActiveCfg = Release_TSN|Any CPU
		{38262539-68B6-4EFB-B718-04BFB86730C1}.Release_TSN|Any CPU.Build.0 = Release_TSN|Any CPU
		{38262539-68B6-4EFB-B718-04BFB86730C1}.Release|Any CPU.ActiveCfg = Release|Any CPU
		{38262539-68B6-4EFB-B718-04BFB86730C1}.Release|Any CPU.Build.0 = Release|Any CPU
		{706B8375-E968-4223-AD1B-FD3EF8BEE42F}.Debug|Any CPU.ActiveCfg = Debug|Any CPU
		{706B8375-E968-4223-AD1B-FD3EF8BEE42F}.Debug|Any CPU.Build.0 = Debug|Any CPU
		{706B8375-E968-4223-AD1B-FD3EF8BEE42F}.Release_T1L|Any CPU.ActiveCfg = Release_T1L|Any CPU
		{706B8375-E968-4223-AD1B-FD3EF8BEE42F}.Release_T1L|Any CPU.Build.0 = Release_T1L|Any CPU
		{706B8375-E968-4223-AD1B-FD3EF8BEE42F}.Release_TSN|Any CPU.ActiveCfg = Release_TSN|Any CPU
		{706B8375-E968-4223-AD1B-FD3EF8BEE42F}.Release_TSN|Any CPU.Build.0 = Release_TSN|Any CPU
		{706B8375-E968-4223-AD1B-FD3EF8BEE42F}.Release|Any CPU.ActiveCfg = Release|Any CPU
		{706B8375-E968-4223-AD1B-FD3EF8BEE42F}.Release|Any CPU.Build.0 = Release|Any CPU
		{3AB9F7BC-10AE-4A8F-95DE-BD2620798B8C}.Debug|Any CPU.ActiveCfg = Debug|Any CPU
		{3AB9F7BC-10AE-4A8F-95DE-BD2620798B8C}.Debug|Any CPU.Build.0 = Debug|Any CPU
		{3AB9F7BC-10AE-4A8F-95DE-BD2620798B8C}.Release_T1L|Any CPU.ActiveCfg = Release_T1L|Any CPU
		{3AB9F7BC-10AE-4A8F-95DE-BD2620798B8C}.Release_T1L|Any CPU.Build.0 = Release_T1L|Any CPU
		{3AB9F7BC-10AE-4A8F-95DE-BD2620798B8C}.Release_TSN|Any CPU.ActiveCfg = Release_TSN|Any CPU
		{3AB9F7BC-10AE-4A8F-95DE-BD2620798B8C}.Release_TSN|Any CPU.Build.0 = Release_TSN|Any CPU
		{3AB9F7BC-10AE-4A8F-95DE-BD2620798B8C}.Release|Any CPU.ActiveCfg = Release|Any CPU
		{3AB9F7BC-10AE-4A8F-95DE-BD2620798B8C}.Release|Any CPU.Build.0 = Release|Any CPU
		{48DB4E06-8757-4A3B-A58F-DF7C981AAC04}.Debug|Any CPU.ActiveCfg = Debug|Any CPU
		{48DB4E06-8757-4A3B-A58F-DF7C981AAC04}.Debug|Any CPU.Build.0 = Debug|Any CPU
		{48DB4E06-8757-4A3B-A58F-DF7C981AAC04}.Release_T1L|Any CPU.ActiveCfg = Release_T1L|Any CPU
		{48DB4E06-8757-4A3B-A58F-DF7C981AAC04}.Release_T1L|Any CPU.Build.0 = Release_T1L|Any CPU
		{48DB4E06-8757-4A3B-A58F-DF7C981AAC04}.Release_TSN|Any CPU.ActiveCfg = Release_TSN|Any CPU
		{48DB4E06-8757-4A3B-A58F-DF7C981AAC04}.Release_TSN|Any CPU.Build.0 = Release_TSN|Any CPU
		{48DB4E06-8757-4A3B-A58F-DF7C981AAC04}.Release|Any CPU.ActiveCfg = Release|Any CPU
		{48DB4E06-8757-4A3B-A58F-DF7C981AAC04}.Release|Any CPU.Build.0 = Release|Any CPU
		{64E83D8F-C3FA-473B-8DDC-83A414276BBD}.Debug|Any CPU.ActiveCfg = Debug|Any CPU
		{64E83D8F-C3FA-473B-8DDC-83A414276BBD}.Debug|Any CPU.Build.0 = Debug|Any CPU
		{64E83D8F-C3FA-473B-8DDC-83A414276BBD}.Release_T1L|Any CPU.ActiveCfg = Release_T1L|Any CPU
		{64E83D8F-C3FA-473B-8DDC-83A414276BBD}.Release_T1L|Any CPU.Build.0 = Release_T1L|Any CPU
		{64E83D8F-C3FA-473B-8DDC-83A414276BBD}.Release_TSN|Any CPU.ActiveCfg = Release_TSN|Any CPU
		{64E83D8F-C3FA-473B-8DDC-83A414276BBD}.Release_TSN|Any CPU.Build.0 = Release_TSN|Any CPU
		{64E83D8F-C3FA-473B-8DDC-83A414276BBD}.Release|Any CPU.ActiveCfg = Release|Any CPU
		{64E83D8F-C3FA-473B-8DDC-83A414276BBD}.Release|Any CPU.Build.0 = Release|Any CPU
	EndGlobalSection
	GlobalSection(SolutionProperties) = preSolution
		HideSolutionNode = FALSE
	EndGlobalSection
EndGlobal
